
Microsoft Visual Studio Solution File, Format Version 12.00
# Visual Studio 2013
VisualStudioVersion = 12.0.31101.0
MinimumVisualStudioVersion = 10.0.40219.1
Project("{FAE04EC0-301F-11D3-BF4B-00C04F79EFBC}") = "FoxTool", "FoxTool\FoxTool.csproj", "{AAC1DBAD-3056-4F39-8FA5-CFD764DFCCCC}"
EndProject
Project("{FAE04EC0-301F-11D3-BF4B-00C04F79EFBC}") = "CityHash", "CityHash\CityHash.csproj", "{87E39AF8-C118-4A0E-8C3B-9B1BECC2D016}"
EndProject
Global
	GlobalSection(SolutionConfigurationPlatforms) = preSolution
		Debug|Any CPU = Debug|Any CPU
		Release|Any CPU = Release|Any CPU
	EndGlobalSection
	GlobalSection(ProjectConfigurationPlatforms) = postSolution
		{AAC1DBAD-3056-4F39-8FA5-CFD764DFCCCC}.Debug|Any CPU.ActiveCfg = Debug|Any CPU
		{AAC1DBAD-3056-4F39-8FA5-CFD764DFCCCC}.Debug|Any CPU.Build.0 = Debug|Any CPU
		{AAC1DBAD-3056-4F39-8FA5-CFD764DFCCCC}.Release|Any CPU.ActiveCfg = Release|Any CPU
		{AAC1DBAD-3056-4F39-8FA5-CFD764DFCCCC}.Release|Any CPU.Build.0 = Release|Any CPU
		{87E39AF8-C118-4A0E-8C3B-9B1BECC2D016}.Debug|Any CPU.ActiveCfg = Debug|Any CPU
		{87E39AF8-C118-4A0E-8C3B-9B1BECC2D016}.Debug|Any CPU.Build.0 = Debug|Any CPU
		{87E39AF8-C118-4A0E-8C3B-9B1BECC2D016}.Release|Any CPU.ActiveCfg = Release|Any CPU
		{87E39AF8-C118-4A0E-8C3B-9B1BECC2D016}.Release|Any CPU.Build.0 = Release|Any CPU
	EndGlobalSection
	GlobalSection(SolutionProperties) = preSolution
		HideSolutionNode = FALSE
	EndGlobalSection
EndGlobal
